{}
```

6. Guarda el commit

Luego cambia también el `Dockerfile` o el comando de build — pero en realidad la forma más fácil es que en EasyPanel, en la configuración del servicio **fixio**, busques donde dice el comando de install y lo cambies de:
```
npm ci --include=dev
```

a:
```
npm install --include=dev
